<Solution>
  <Project Path="LekhaCore.API/LekhaCore.API.csproj" />
  <Project Path="LekhaCore.Application/LekhaCore.Application.csproj" Id="8235d31d-6bff-427b-822a-b013d7112765" />
  <Project Path="LekhaCore.Domain/LekhaCore.Domain.csproj" Id="5e01a545-8818-4037-859d-df1f182fdec6" />
  <Project Path="LekhaCore.Infrastructure/LekhaCore.Infrastructure.csproj" Id="288853c0-447f-4e15-8e1f-a073423de1e0" />
</Solution>
